github.com/arcgolabs/collectionx/list v1.0.0 h1:qAnLvYUDqf4GBucNFToVScik2QQanOOVgl6oAgiagDQ=
github.com/arcgolabs/collectionx/list v1.0.0/go.mod h1:wsgzpbsr6Qv0kzFMZNdtkL99GGVLvbUjBGd2NId0OMI=
github.com/arcgolabs/collectionx/mapping v1.0.0 h1:wcn9RmaXrI7Sg6w40xubLT6pWILeGwSXx7vxsqJuTgs=
github.com/arcgolabs/collectionx/mapping v1.0.0/go.mod h1:98g5W3gX/ztWKePWEPCyRuG+wQOlrm06WUfEBvyHgUE=
github.com/arcgolabs/collectionx/stream v1.0.0 h1:OMQHrY/bBjZ27ZAJfuL/NVK9f/H3I/Z5j22TQMSsPdo=
github.com/arcgolabs/collectionx/stream v1.0.0/go.mod h1:NF2JzJEngZUQFy3bNAc/Z3BCTS5+6wvvHhfoj/t86Aw=
github.com/arcgolabs/dbx v0.1.12 h1:dvDHcvM50EzlnQiLz/zXqENmrZmlO1edG4EEQ5nU6/0=
github.com/arcgolabs/dbx v0.1.12/go.mod h1:hM/zBSMEc9zidSA3cwGT9sI5uOEb5xIJJbPV0vRqPDY=
github.com/davecgh/go-spew v1.1.2-0.20180830191138-d8f796af33cc h1:U9qPSI2PIWSS1VwoXQT9A3Wy9MM3WgvqSxFWenqJduM=
github.com/davecgh/go-spew v1.1.2-0.20180830191138-d8f796af33cc/go.mod h1:J7Y8YcW2NihsgmVo/mv3lAwl/skON4iLHjSsI+c5H38=
github.com/pmezard/go-difflib v1.0.1-0.20181226105442-5d4384ee4fb2 h1:Jamvg5psRIccs7FGNTlIRMkT8wgtp5eCXdBlqhYGL6U=
github.com/pmezard/go-difflib v1.0.1-0.20181226105442-5d4384ee4fb2/go.mod h1:iKH77koFhYxTK1pcRnkKkqfTogsbg7gZNVY4sRDYZ/4=
github.com/samber/mo v1.17.0 h1:EbeLc7nxIdpalstxQQakLOcXxULuMRqo7PJPtY18bQg=
github.com/samber/mo v1.17.0/go.mod h1:DlgzJ4SYhOh41nP1L9kh9rDNERuf8IqWSAs+gj2Vxag=
github.com/stretchr/testify v1.11.1 h1:7s2iGBzp5EwR7/aIZr8ao5+dra3wiQyKjjFuvgVKu7U=
github.com/stretchr/testify v1.11.1/go.mod h1:wZwfW3scLgRK+23gO65QZefKpKQRnfz6sD981Nm4B6U=
gopkg.in/yaml.v3 v3.0.1 h1:fxVm/GzAzEWqLHuvctI91KS9hhNmmWOoWu0XTYJS7CA=
gopkg.in/yaml.v3 v3.0.1/go.mod h1:K4uyk7z7BCEPqu6E+C64Yfv1cQ7kz7rIZviUmN+EgEM=
